// !$*UTF8*$!
{
	archiveVersion = 1;
	classes = {
	};
	objectVersion = 50;
	objects = {

/* Begin PBXBuildFile section */
		69C48AE826B27E1000550BC9 /* AppDelegate.swift in Sources */ = {isa = PBXBuildFile; fileRef = 69C48AE726B27E1000550BC9 /* AppDelegate.swift */; };
		69C48AEA26B27E1000550BC9 /* SceneDelegate.swift in Sources */ = {isa = PBXBuildFile; fileRef = 69C48AE926B27E1000550BC9 /* SceneDelegate.swift */; };
		69C48AEC26B27E1000550BC9 /* LandingViewController.swift in Sources */ = {isa = PBXBuildFile; fileRef = 69C48AEB26B27E1000550BC9 /* LandingViewController.swift */; };
		69C48AEF26B27E1000550BC9 /* LandingViewController.storyboard in Resources */ = {isa = PBXBuildFile; fileRef = 69C48AED26B27E1000550BC9 /* LandingViewController.storyboard */; };
		69C48AF126B27E1E00550BC9 /* Assets.xcassets in Resources */ = {isa = PBXBuildFile; fileRef = 69C48AF026B27E1E00550BC9 /* Assets.xcassets */; };
		69C48AF426B27E1E00550BC9 /* LaunchScreen.storyboard in Resources */ = {isa = PBXBuildFile; fileRef = 69C48AF226B27E1E00550BC9 /* LaunchScreen.storyboard */; };
		69C48AFF26B27E1E00550BC9 /* RestorevTests.swift in Sources */ = {isa = PBXBuildFile; fileRef = 69C48AFE26B27E1E00550BC9 /* RestorevTests.swift */; };
		69C48B0A26B27E1E00550BC9 /* RestorevUITests.swift in Sources */ = {isa = PBXBuildFile; fileRef = 69C48B0926B27E1E00550BC9 /* RestorevUITests.swift */; };
/* End PBXBuildFile section */

/* Begin PBXContainerItemProxy section */
		69C48AFB26B27E1E00550BC9 /* PBXContainerItemProxy */ = {
			isa = PBXContainerItemProxy;
			containerPortal = 69C48ADC26B27E1000550BC9 /* Project object */;
			proxyType = 1;
			remoteGlobalIDString = 69C48AE326B27E1000550BC9;
			remoteInfo = Restorev;
		};
		69C48B0626B27E1E00550BC9 /* PBXContainerItemProxy */ = {
			isa = PBXContainerItemProxy;
			containerPortal = 69C48ADC26B27E1000550BC9 /* Project object */;
			proxyType = 1;
			remoteGlobalIDString = 69C48AE326B27E1000550BC9;
			remoteInfo = Restorev;
		};
/* End PBXContainerItemProxy section */

/* Begin PBXFileReference section */
		69C48AE426B27E1000550BC9 /* Restorev.app */ = {isa = PBXFileReference; explicitFileType = wrapper.application; includeInIndex = 0; path = Restorev.app; sourceTree = BUILT_PRODUCTS_DIR; };
		69C48AE726B27E1000550BC9 /* AppDelegate.swift */ = {isa = PBXFileReference; lastKnownFileType = sourcecode.swift; path = AppDelegate.swift; sourceTree = "<group>"; };
		69C48AE926B27E1000550BC9 /* SceneDelegate.swift */ = {isa = PBXFileReference; lastKnownFileType = sourcecode.swift; path = SceneDelegate.swift; sourceTree = "<group>"; };
		69C48AEB26B27E1000550BC9 /* LandingViewController.swift */ = {isa = PBXFileReference; lastKnownFileType = sourcecode.swift; path = LandingViewController.swift; sourceTree = "<group>"; };
		69C48AEE26B27E1000550BC9 /* Base */ = {isa = PBXFileReference; lastKnownFileType = file.storyboard; name = Base; path = Base.lproj/LandingViewController.storyboard; sourceTree = "<group>"; };
		69C48AF026B27E1E00550BC9 /* Assets.xcassets */ = {isa = PBXFileReference; lastKnownFileType = folder.assetcatalog; path = Assets.xcassets; sourceTree = "<group>"; };
		69C48AF326B27E1E00550BC9 /* Base */ = {isa = PBXFileReference; lastKnownFileType = file.storyboard; name = Base; path = Base.lproj/LaunchScreen.storyboard; sourceTree = "<group>"; };
		69C48AF526B27E1E00550BC9 /* Info.plist */ = {isa = PBXFileReference; lastKnownFileType = text.plist.xml; path = Info.plist; sourceTree = "<group>"; };
		69C48AFA26B27E1E00550BC9 /* RestorevTests.xctest */ = {isa = PBXFileReference; explicitFileType = wrapper.cfbundle; includeInIndex = 0; path = RestorevTests.xctest; sourceTree = BUILT_PRODUCTS_DIR; };
		69C48AFE26B27E1E00550BC9 /* RestorevTests.swift */ = {isa = PBXFileReference; lastKnownFileType = sourcecode.swift; path = RestorevTests.swift; sourceTree = "<group>"; };
		69C48B0026B27E1E00550BC9 /* Info.plist */ = {isa = PBXFileReference; lastKnownFileType = text.plist.xml; path = Info.plist; sourceTree = "<group>"; };
		69C48B0526B27E1E00550BC9 /* RestorevUITests.xctest */ = {isa = PBXFileReference; explicitFileType = wrapper.cfbundle; includeInIndex = 0; path = RestorevUITests.xctest; sourceTree = BUILT_PRODUCTS_DIR; };
		69C48B0926B27E1E00550BC9 /* RestorevUITests.swift */ = {isa = PBXFileReference; lastKnownFileType = sourcecode.swift; path = RestorevUITests.swift; sourceTree = "<group>"; };
		69C48B0B26B27E1E00550BC9 /* Info.plist */ = {isa = PBXFileReference; lastKnownFileType = text.plist.xml; path = Info.plist; sourceTree = "<group>"; };
/* End PBXFileReference section */

/* Begin PBXFrameworksBuildPhase section */
		69C48AE126B27E1000550BC9 /* Frameworks */ = {
			isa = PBXFrameworksBuildPhase;
			buildActionMask = 2147483647;
			files = (
			);
			runOnlyForDeploymentPostprocessing = 0;
		};
		69C48AF726B27E1E00550BC9 /* Frameworks */ = {
			isa = PBXFrameworksBuildPhase;
			buildActionMask = 2147483647;
			files = (
			);
			runOnlyForDeploymentPostprocessing = 0;
		};
		69C48B0226B27E1E00550BC9 /* Frameworks */ = {
			isa = PBXFrameworksBuildPhase;
			buildActionMask = 2147483647;
			files = (
			);
			runOnlyForDeploymentPostprocessing = 0;
		};
/* End PBXFrameworksBuildPhase section */

/* Begin PBXGroup section */
		69C48ADB26B27E1000550BC9 = {
			isa = PBXGroup;
			children = (
				69C48AE626B27E1000550BC9 /* Restorev */,
				69C48AFD26B27E1E00550BC9 /* RestorevTests */,
				69C48B0826B27E1E00550BC9 /* RestorevUITests */,
				69C48AE526B27E1000550BC9 /* Products */,
			);
			sourceTree = "<group>";
		};
		69C48AE526B27E1000550BC9 /* Products */ = {
			isa = PBXGroup;
			children = (
				69C48AE426B27E1000550BC9 /* Restorev.app */,
				69C48AFA26B27E1E00550BC9 /* RestorevTests.xctest */,
				69C48B0526B27E1E00550BC9 /* RestorevUITests.xctest */,
			);
			name = Products;
			sourceTree = "<group>";
		};
		69C48AE626B27E1000550BC9 /* Restorev */ = {
			isa = PBXGroup;
			children = (
				69C48B1826B27E9900550BC9 /* Screens */,
				69C48B1726B27E4400550BC9 /* Application */,
				69C48AF526B27E1E00550BC9 /* Info.plist */,
			);
			path = Restorev;
			sourceTree = "<group>";
		};
		69C48AFD26B27E1E00550BC9 /* RestorevTests */ = {
			isa = PBXGroup;
			children = (
				69C48AFE26B27E1E00550BC9 /* RestorevTests.swift */,
				69C48B0026B27E1E00550BC9 /* Info.plist */,
			);
			path = RestorevTests;
			sourceTree = "<group>";
		};
		69C48B0826B27E1E00550BC9 /* RestorevUITests */ = {
			isa = PBXGroup;
			children = (
				69C48B0926B27E1E00550BC9 /* RestorevUITests.swift */,
				69C48B0B26B27E1E00550BC9 /* Info.plist */,
			);
			path = RestorevUITests;
			sourceTree = "<group>";
		};
		69C48B1726B27E4400550BC9 /* Application */ = {
			isa = PBXGroup;
			children = (
				69C48AE926B27E1000550BC9 /* SceneDelegate.swift */,
				69C48AE726B27E1000550BC9 /* AppDelegate.swift */,
				69C48AF026B27E1E00550BC9 /* Assets.xcassets */,
				69C48AF226B27E1E00550BC9 /* LaunchScreen.storyboard */,
			);
			path = Application;
			sourceTree = "<group>";
		};
		69C48B1826B27E9900550BC9 /* Screens */ = {
			isa = PBXGroup;
			children = (
				69C48B1926B27EA900550BC9 /* Landing */,
			);
			path = Screens;
			sourceTree = "<group>";
		};
		69C48B1926B27EA900550BC9 /* Landing */ = {
			isa = PBXGroup;
			children = (
				69C48AEB26B27E1000550BC9 /* LandingViewController.swift */,
				69C48AED26B27E1000550BC9 /* LandingViewController.storyboard */,
			);
			path = Landing;
			sourceTree = "<group>";
		};
/* End PBXGroup section */

/* Begin PBXNativeTarget section */
		69C48AE326B27E1000550BC9 /* Restorev */ = {
			isa = PBXNativeTarget;
			buildConfigurationList = 69C48B0E26B27E1E00550BC9 /* Build configuration list for PBXNativeTarget "Restorev" */;
			buildPhases = (
				69C48AE026B27E1000550BC9 /* Sources */,
				69C48AE126B27E1000550BC9 /* Frameworks */,
				69C48AE226B27E1000550BC9 /* Resources */,
			);
			buildRules = (
			);
			dependencies = (
			);
			name = Restorev;
			productName = Restorev;
			productReference = 69C48AE426B27E1000550BC9 /* Restorev.app */;
			productType = "com.apple.product-type.application";
		};
		69C48AF926B27E1E00550BC9 /* RestorevTests */ = {
			isa = PBXNativeTarget;
			buildConfigurationList = 69C48B1126B27E1E00550BC9 /* Build configuration list for PBXNativeTarget "RestorevTests" */;
			buildPhases = (
				69C48AF626B27E1E00550BC9 /* Sources */,
				69C48AF726B27E1E00550BC9 /* Frameworks */,
				69C48AF826B27E1E00550BC9 /* Resources */,
			);
			buildRules = (
			);
			dependencies = (
				69C48AFC26B27E1E00550BC9 /* PBXTargetDependency */,
			);
			name = RestorevTests;
			productName = RestorevTests;
			productReference = 69C48AFA26B27E1E00550BC9 /* RestorevTests.xctest */;
			productType = "com.apple.product-type.bundle.unit-test";
		};
		69C48B0426B27E1E00550BC9 /* RestorevUITests */ = {
			isa = PBXNativeTarget;
			buildConfigurationList = 69C48B1426B27E1E00550BC9 /* Build configuration list for PBXNativeTarget "RestorevUITests" */;
			buildPhases = (
				69C48B0126B27E1E00550BC9 /* Sources */,
				69C48B0226B27E1E00550BC9 /* Frameworks */,
				69C48B0326B27E1E00550BC9 /* Resources */,
			);
			buildRules = (
			);
			dependencies = (
				69C48B0726B27E1E00550BC9 /* PBXTargetDependency */,
			);
			name = RestorevUITests;
			productName = RestorevUITests;
			productReference = 69C48B0526B27E1E00550BC9 /* RestorevUITests.xctest */;
			productType = "com.apple.product-type.bundle.ui-testing";
		};
/* End PBXNativeTarget section */

/* Begin PBXProject section */
		69C48ADC26B27E1000550BC9 /* Project object */ = {
			isa = PBXProject;
			attributes = {
				LastSwiftUpdateCheck = 1250;
				LastUpgradeCheck = 1250;
				TargetAttributes = {
					69C48AE326B27E1000550BC9 = {
						CreatedOnToolsVersion = 12.5.1;
					};
					69C48AF926B27E1E00550BC9 = {
						CreatedOnToolsVersion = 12.5.1;
						TestTargetID = 69C48AE326B27E1000550BC9;
					};
					69C48B0426B27E1E00550BC9 = {
						CreatedOnToolsVersion = 12.5.1;
						TestTargetID = 69C48AE326B27E1000550BC9;
					};
				};
			};
			buildConfigurationList = 69C48ADF26B27E1000550BC9 /* Build configuration list for PBXProject "Restorev" */;
			compatibilityVersion = "Xcode 9.3";
			developmentRegion = en;
			hasScannedForEncodings = 0;
			knownRegions = (
				en,
				Base,
			);
			mainGroup = 69C48ADB26B27E1000550BC9;
			productRefGroup = 69C48AE526B27E1000550BC9 /* Products */;
			projectDirPath = "";
			projectRoot = "";
			targets = (
				69C48AE326B27E1000550BC9 /* Restorev */,
				69C48AF926B27E1E00550BC9 /* RestorevTests */,
				69C48B0426B27E1E00550BC9 /* RestorevUITests */,
			);
		};
/* End PBXProject section */

/* Begin PBXResourcesBuildPhase section */
		69C48AE226B27E1000550BC9 /* Resources */ = {
			isa = PBXResourcesBuildPhase;
			buildActionMask = 2147483647;
			files = (
				69C48AF426B27E1E00550BC9 /* LaunchScreen.storyboard in Resources */,
				69C48AF126B27E1E00550BC9 /* Assets.xcassets in Resources */,
				69C48AEF26B27E1000550BC9 /* LandingViewController.storyboard in Resources */,
			);
			runOnlyForDeploymentPostprocessing = 0;
		};
		69C48AF826B27E1E00550BC9 /* Resources */ = {
			isa = PBXResourcesBuildPhase;
			buildActionMask = 2147483647;
			files = (
			);
			runOnlyForDeploymentPostprocessing = 0;
		};
		69C48B0326B27E1E00550BC9 /* Resources */ = {
			isa = PBXResourcesBuildPhase;
			buildActionMask = 2147483647;
			files = (
			);
			runOnlyForDeploymentPostprocessing = 0;
		};
/* End PBXResourcesBuildPhase section */

/* Begin PBXSourcesBuildPhase section */
		69C48AE026B27E1000550BC9 /* Sources */ = {
			isa = PBXSourcesBuildPhase;
			buildActionMask = 2147483647;
			files = (
				69C48AEC26B27E1000550BC9 /* LandingViewController.swift in Sources */,
				69C48AE826B27E1000550BC9 /* AppDelegate.swift in Sources */,
				69C48AEA26B27E1000550BC9 /* SceneDelegate.swift in Sources */,
			);
			runOnlyForDeploymentPostprocessing = 0;
		};
		69C48AF626B27E1E00550BC9 /* Sources */ = {
			isa = PBXSourcesBuildPhase;
			buildActionMask = 2147483647;
			files = (
				69C48AFF26B27E1E00550BC9 /* RestorevTests.swift in Sources */,
			);
			runOnlyForDeploymentPostprocessing = 0;
		};
		69C48B0126B27E1E00550BC9 /* Sources */ = {
			isa = PBXSourcesBuildPhase;
			buildActionMask = 2147483647;
			files = (
				69C48B0A26B27E1E00550BC9 /* RestorevUITests.swift in Sources */,
			);
			runOnlyForDeploymentPostprocessing = 0;
		};
/* End PBXSourcesBuildPhase section */

/* Begin PBXTargetDependency section */
		69C48AFC26B27E1E00550BC9 /* PBXTargetDependency */ = {
			isa = PBXTargetDependency;
			target = 69C48AE326B27E1000550BC9 /* Restorev */;
			targetProxy = 69C48AFB26B27E1E00550BC9 /* PBXContainerItemProxy */;
		};
		69C48B0726B27E1E00550BC9 /* PBXTargetDependency */ = {
			isa = PBXTargetDependency;
			target = 69C48AE326B27E1000550BC9 /* Restorev */;
			targetProxy = 69C48B0626B27E1E00550BC9 /* PBXContainerItemProxy */;
		};
/* End PBXTargetDependency section */

/* Begin PBXVariantGroup section */
		69C48AED26B27E1000550BC9 /* LandingViewController.storyboard */ = {
			isa = PBXVariantGroup;
			children = (
				69C48AEE26B27E1000550BC9 /* Base */,
			);
			name = LandingViewController.storyboard;
			sourceTree = "<group>";
		};
		69C48AF226B27E1E00550BC9 /* LaunchScreen.storyboard */ = {
			isa = PBXVariantGroup;
			children = (
				69C48AF326B27E1E00550BC9 /* Base */,
			);
			name = LaunchScreen.storyboard;
			sourceTree = "<group>";
		};
/* End PBXVariantGroup section */

/* Begin XCBuildConfiguration section */
		69C48B0C26B27E1E00550BC9 /* Debug */ = {
			isa = XCBuildConfiguration;
			buildSettings = {
				ALWAYS_SEARCH_USER_PATHS = NO;
				CLANG_ANALYZER_NONNULL = YES;
				CLANG_ANALYZER_NUMBER_OBJECT_CONVERSION = YES_AGGRESSIVE;
				CLANG_CXX_LANGUAGE_STANDARD = "gnu++14";
				CLANG_CXX_LIBRARY = "libc++";
				CLANG_ENABLE_MODULES = YES;
				CLANG_ENABLE_OBJC_ARC = YES;
				CLANG_ENABLE_OBJC_WEAK = YES;
				CLANG_WARN_BLOCK_CAPTURE_AUTORELEASING = YES;
				CLANG_WARN_BOOL_CONVERSION = YES;
				CLANG_WARN_COMMA = YES;
				CLANG_WARN_CONSTANT_CONVERSION = YES;
				CLANG_WARN_DEPRECATED_OBJC_IMPLEMENTATIONS = YES;
				CLANG_WARN_DIRECT_OBJC_ISA_USAGE = YES_ERROR;
				CLANG_WARN_DOCUMENTATION_COMMENTS = YES;
				CLANG_WARN_EMPTY_BODY = YES;
				CLANG_WARN_ENUM_CONVERSION = YES;
				CLANG_WARN_INFINITE_RECURSION = YES;
				CLANG_WARN_INT_CONVERSION = YES;
				CLANG_WARN_NON_LITERAL_NULL_CONVERSION = YES;
				CLANG_WARN_OBJC_IMPLICIT_RETAIN_SELF = YES;
				CLANG_WARN_OBJC_LITERAL_CONVERSION = YES;
				CLANG_WARN_OBJC_ROOT_CLASS = YES_ERROR;
				CLANG_WARN_QUOTED_INCLUDE_IN_FRAMEWORK_HEADER = YES;
				CLANG_WARN_RANGE_LOOP_ANALYSIS = YES;
				CLANG_WARN_STRICT_PROTOTYPES = YES;
				CLANG_WARN_SUSPICIOUS_MOVE = YES;
				CLANG_WARN_UNGUARDED_AVAILABILITY = YES_AGGRESSIVE;
				CLANG_WARN_UNREACHABLE_CODE = YES;
				CLANG_WARN__DUPLICATE_METHOD_MATCH = YES;
				COPY_PHASE_STRIP = NO;
				DEBUG_INFORMATION_FORMAT = dwarf;
				ENABLE_STRICT_OBJC_MSGSEND = YES;
				ENABLE_TESTABILITY = YES;
				GCC_C_LANGUAGE_STANDARD = gnu11;
				GCC_DYNAMIC_NO_PIC = NO;
				GCC_NO_COMMON_BLOCKS = YES;
				GCC_OPTIMIZATION_LEVEL = 0;
				GCC_PREPROCESSOR_DEFINITIONS = (
					"DEBUG=1",
					"$(inherited)",
				);
				GCC_WARN_64_TO_32_BIT_CONVERSION = YES;
				GCC_WARN_ABOUT_RETURN_TYPE = YES_ERROR;
				GCC_WARN_UNDECLARED_SELECTOR = YES;
				GCC_WARN_UNINITIALIZED_AUTOS = YES_AGGRESSIVE;
				GCC_WARN_UNUSED_FUNCTION = YES;
				GCC_WARN_UNUSED_VARIABLE = YES;
				IPHONEOS_DEPLOYMENT_TARGET = 14.5;
				MTL_ENABLE_DEBUG_INFO = INCLUDE_SOURCE;
				MTL_FAST_MATH = YES;
				ONLY_ACTIVE_ARCH = YES;
				SDKROOT = iphoneos;
				SWIFT_ACTIVE_COMPILATION_CONDITIONS = DEBUG;
				SWIFT_OPTIMIZATION_LEVEL = "-Onone";
			};
			name = Debug;
		};
		69C48B0D26B27E1E00550BC9 /* Release */ = {
			isa = XCBuildConfiguration;
			buildSettings = {
				ALWAYS_SEARCH_USER_PATHS = NO;
				CLANG_ANALYZER_NONNULL = YES;
				CLANG_ANALYZER_NUMBER_OBJECT_CONVERSION = YES_AGGRESSIVE;
				CLANG_CXX_LANGUAGE_STANDARD = "gnu++14";
				CLANG_CXX_LIBRARY = "libc++";
				CLANG_ENABLE_MODULES = YES;
				CLANG_ENABLE_OBJC_ARC = YES;
				CLANG_ENABLE_OBJC_WEAK = YES;
				CLANG_WARN_BLOCK_CAPTURE_AUTORELEASING = YES;
				CLANG_WARN_BOOL_CONVERSION = YES;
				CLANG_WARN_COMMA = YES;
				CLANG_WARN_CONSTANT_CONVERSION = YES;
				CLANG_WARN_DEPRECATED_OBJC_IMPLEMENTATIONS = YES;
				CLANG_WARN_DIRECT_OBJC_ISA_USAGE = YES_ERROR;
				CLANG_WARN_DOCUMENTATION_COMMENTS = YES;
				CLANG_WARN_EMPTY_BODY = YES;
				CLANG_WARN_ENUM_CONVERSION = YES;
				CLANG_WARN_INFINITE_RECURSION = YES;
				CLANG_WARN_INT_CONVERSION = YES;
				CLANG_WARN_NON_LITERAL_NULL_CONVERSION = YES;
				CLANG_WARN_OBJC_IMPLICIT_RETAIN_SELF = YES;
				CLANG_WARN_OBJC_LITERAL_CONVERSION = YES;
				CLANG_WARN_OBJC_ROOT_CLASS = YES_ERROR;
				CLANG_WARN_QUOTED_INCLUDE_IN_FRAMEWORK_HEADER = YES;
				CLANG_WARN_RANGE_LOOP_ANALYSIS = YES;
				CLANG_WARN_STRICT_PROTOTYPES = YES;
				CLANG_WARN_SUSPICIOUS_MOVE = YES;
				CLANG_WARN_UNGUARDED_AVAILABILITY = YES_AGGRESSIVE;
				CLANG_WARN_UNREACHABLE_CODE = YES;
				CLANG_WARN__DUPLICATE_METHOD_MATCH = YES;
				COPY_PHASE_STRIP = NO;
				DEBUG_INFORMATION_FORMAT = "dwarf-with-dsym";
				ENABLE_NS_ASSERTIONS = NO;
				ENABLE_STRICT_OBJC_MSGSEND = YES;
				GCC_C_LANGUAGE_STANDARD = gnu11;
				GCC_NO_COMMON_BLOCKS = YES;
				GCC_WARN_64_TO_32_BIT_CONVERSION = YES;
				GCC_WARN_ABOUT_RETURN_TYPE = YES_ERROR;
				GCC_WARN_UNDECLARED_SELECTOR = YES;
				GCC_WARN_UNINITIALIZED_AUTOS = YES_AGGRESSIVE;
				GCC_WARN_UNUSED_FUNCTION = YES;
				GCC_WARN_UNUSED_VARIABLE = YES;
				IPHONEOS_DEPLOYMENT_TARGET = 14.5;
				MTL_ENABLE_DEBUG_INFO = NO;
				MTL_FAST_MATH = YES;
				SDKROOT = iphoneos;
				SWIFT_COMPILATION_MODE = wholemodule;
				SWIFT_OPTIMIZATION_LEVEL = "-O";
				VALIDATE_PRODUCT = YES;
			};
			name = Release;
		};
		69C48B0F26B27E1E00550BC9 /* Debug */ = {
			isa = XCBuildConfiguration;
			buildSettings = {
				ASSETCATALOG_COMPILER_APPICON_NAME = AppIcon;
				ASSETCATALOG_COMPILER_GLOBAL_ACCENT_COLOR_NAME = AccentColor;
				CODE_SIGN_STYLE = Automatic;
				INFOPLIST_FILE = Restorev/Info.plist;
				LD_RUNPATH_SEARCH_PATHS = (
					"$(inherited)",
					"@executable_path/Frameworks",
				);
				PRODUCT_BUNDLE_IDENTIFIER = com.toptal.Restorev;
				PRODUCT_NAME = "$(TARGET_NAME)";
				SWIFT_VERSION = 5.0;
				TARGETED_DEVICE_FAMILY = 1;
			};
			name = Debug;
		};
		69C48B1026B27E1E00550BC9 /* Release */ = {
			isa = XCBuildConfiguration;
			buildSettings = {
				ASSETCATALOG_COMPILER_APPICON_NAME = AppIcon;
				ASSETCATALOG_COMPILER_GLOBAL_ACCENT_COLOR_NAME = AccentColor;
				CODE_SIGN_STYLE = Automatic;
				INFOPLIST_FILE = Restorev/Info.plist;
				LD_RUNPATH_SEARCH_PATHS = (
					"$(inherited)",
					"@executable_path/Frameworks",
				);
				PRODUCT_BUNDLE_IDENTIFIER = com.toptal.Restorev;
				PRODUCT_NAME = "$(TARGET_NAME)";
				SWIFT_VERSION = 5.0;
				TARGETED_DEVICE_FAMILY = 1;
			};
			name = Release;
		};
		69C48B1226B27E1E00550BC9 /* Debug */ = {
			isa = XCBuildConfiguration;
			buildSettings = {
				ALWAYS_EMBED_SWIFT_STANDARD_LIBRARIES = YES;
				BUNDLE_LOADER = "$(TEST_HOST)";
				CODE_SIGN_STYLE = Automatic;
				INFOPLIST_FILE = RestorevTests/Info.plist;
				IPHONEOS_DEPLOYMENT_TARGET = 14.5;
				LD_RUNPATH_SEARCH_PATHS = (
					"$(inherited)",
					"@executable_path/Frameworks",
					"@loader_path/Frameworks",
				);
				PRODUCT_BUNDLE_IDENTIFIER = com.toptal.RestorevTests;
				PRODUCT_NAME = "$(TARGET_NAME)";
				SWIFT_VERSION = 5.0;
				TARGETED_DEVICE_FAMILY = "1,2";
				TEST_HOST = "$(BUILT_PRODUCTS_DIR)/Restorev.app/Restorev";
			};
			name = Debug;
		};
		69C48B1326B27E1E00550BC9 /* Release */ = {
			isa = XCBuildConfiguration;
			buildSettings = {
				ALWAYS_EMBED_SWIFT_STANDARD_LIBRARIES = YES;
				BUNDLE_LOADER = "$(TEST_HOST)";
				CODE_SIGN_STYLE = Automatic;
				INFOPLIST_FILE = RestorevTests/Info.plist;
				IPHONEOS_DEPLOYMENT_TARGET = 14.5;
				LD_RUNPATH_SEARCH_PATHS = (
					"$(inherited)",
					"@executable_path/Frameworks",
					"@loader_path/Frameworks",
				);
				PRODUCT_BUNDLE_IDENTIFIER = com.toptal.RestorevTests;
				PRODUCT_NAME = "$(TARGET_NAME)";
				SWIFT_VERSION = 5.0;
				TARGETED_DEVICE_FAMILY = "1,2";
				TEST_HOST = "$(BUILT_PRODUCTS_DIR)/Restorev.app/Restorev";
			};
			name = Release;
		};
		69C48B1526B27E1E00550BC9 /* Debug */ = {
			isa = XCBuildConfiguration;
			buildSettings = {
				ALWAYS_EMBED_SWIFT_STANDARD_LIBRARIES = YES;
				CODE_SIGN_STYLE = Automatic;
				INFOPLIST_FILE = RestorevUITests/Info.plist;
				LD_RUNPATH_SEARCH_PATHS = (
					"$(inherited)",
					"@executable_path/Frameworks",
					"@loader_path/Frameworks",
				);
				PRODUCT_BUNDLE_IDENTIFIER = com.toptal.RestorevUITests;
				PRODUCT_NAME = "$(TARGET_NAME)";
				SWIFT_VERSION = 5.0;
				TARGETED_DEVICE_FAMILY = "1,2";
				TEST_TARGET_NAME = Restorev;
			};
			name = Debug;
		};
		69C48B1626B27E1E00550BC9 /* Release */ = {
			isa = XCBuildConfiguration;
			buildSettings = {
				ALWAYS_EMBED_SWIFT_STANDARD_LIBRARIES = YES;
				CODE_SIGN_STYLE = Automatic;
				INFOPLIST_FILE = RestorevUITests/Info.plist;
				LD_RUNPATH_SEARCH_PATHS = (
					"$(inherited)",
					"@executable_path/Frameworks",
					"@loader_path/Frameworks",
				);
				PRODUCT_BUNDLE_IDENTIFIER = com.toptal.RestorevUITests;
				PRODUCT_NAME = "$(TARGET_NAME)";
				SWIFT_VERSION = 5.0;
				TARGETED_DEVICE_FAMILY = "1,2";
				TEST_TARGET_NAME = Restorev;
			};
			name = Release;
		};
/* End XCBuildConfiguration section */

/* Begin XCConfigurationList section */
		69C48ADF26B27E1000550BC9 /* Build configuration list for PBXProject "Restorev" */ = {
			isa = XCConfigurationList;
			buildConfigurations = (
				69C48B0C26B27E1E00550BC9 /* Debug */,
				69C48B0D26B27E1E00550BC9 /* Release */,
			);
			defaultConfigurationIsVisible = 0;
			defaultConfigurationName = Release;
		};
		69C48B0E26B27E1E00550BC9 /* Build configuration list for PBXNativeTarget "Restorev" */ = {
			isa = XCConfigurationList;
			buildConfigurations = (
				69C48B0F26B27E1E00550BC9 /* Debug */,
				69C48B1026B27E1E00550BC9 /* Release */,
			);
			defaultConfigurationIsVisible = 0;
			defaultConfigurationName = Release;
		};
		69C48B1126B27E1E00550BC9 /* Build configuration list for PBXNativeTarget "RestorevTests" */ = {
			isa = XCConfigurationList;
			buildConfigurations = (
				69C48B1226B27E1E00550BC9 /* Debug */,
				69C48B1326B27E1E00550BC9 /* Release */,
			);
			defaultConfigurationIsVisible = 0;
			defaultConfigurationName = Release;
		};
		69C48B1426B27E1E00550BC9 /* Build configuration list for PBXNativeTarget "RestorevUITests" */ = {
			isa = XCConfigurationList;
			buildConfigurations = (
				69C48B1526B27E1E00550BC9 /* Debug */,
				69C48B1626B27E1E00550BC9 /* Release */,
			);
			defaultConfigurationIsVisible = 0;
			defaultConfigurationName = Release;
		};
/* End XCConfigurationList section */
	};
	rootObject = 69C48ADC26B27E1000550BC9 /* Project object */;
}
